
Microsoft Visual Studio Solution File, Format Version 12.00
# Visual Studio 15
VisualStudioVersion = 15.0.27130.2027
MinimumVisualStudioVersion = 10.0.40219.1
Project("{9A19103F-16F7-4668-BE54-9A1E7A4F7556}") = "LinqSpecs.Core", "LinqSpecs.Core\LinqSpecs.Core.csproj", "{9A114254-A452-4761-9C1F-576D9EE049C2}"
EndProject
Project("{9A19103F-16F7-4668-BE54-9A1E7A4F7556}") = "LinqSpecs.Tests.Core", "LinqSpecs.Tests.Core\LinqSpecs.Tests.Core.csproj", "{AAA5C532-41A1-4DF5-AEA5-ADEA8A472157}"
EndProject
Global
	GlobalSection(SolutionConfigurationPlatforms) = preSolution
		Debug|Any CPU = Debug|Any CPU
		Release|Any CPU = Release|Any CPU
	EndGlobalSection
	GlobalSection(ProjectConfigurationPlatforms) = postSolution
		{9A114254-A452-4761-9C1F-576D9EE049C2}.Debug|Any CPU.ActiveCfg = Debug|Any CPU
		{9A114254-A452-4761-9C1F-576D9EE049C2}.Debug|Any CPU.Build.0 = Debug|Any CPU
		{9A114254-A452-4761-9C1F-576D9EE049C2}.Release|Any CPU.ActiveCfg = Release|Any CPU
		{9A114254-A452-4761-9C1F-576D9EE049C2}.Release|Any CPU.Build.0 = Release|Any CPU
		{AAA5C532-41A1-4DF5-AEA5-ADEA8A472157}.Debug|Any CPU.ActiveCfg = Debug|Any CPU
		{AAA5C532-41A1-4DF5-AEA5-ADEA8A472157}.Debug|Any CPU.Build.0 = Debug|Any CPU
		{AAA5C532-41A1-4DF5-AEA5-ADEA8A472157}.Release|Any CPU.ActiveCfg = Release|Any CPU
		{AAA5C532-41A1-4DF5-AEA5-ADEA8A472157}.Release|Any CPU.Build.0 = Release|Any CPU
	EndGlobalSection
	GlobalSection(SolutionProperties) = preSolution
		HideSolutionNode = FALSE
	EndGlobalSection
	GlobalSection(ExtensibilityGlobals) = postSolution
		SolutionGuid = {7DAA21F3-F39A-4429-A2AC-7AC0408186DE}
	EndGlobalSection
EndGlobal
